// !$*UTF8*$!
{
	archiveVersion = 1;
	classes = {
	};
	objectVersion = 46;
	objects = {

/* Begin PBXBuildFile section */
		F16A843E1D5091F2007534BB /* main.m in Sources */ = {isa = PBXBuildFile; fileRef = F16A843D1D5091F2007534BB /* main.m */; };
		F16A84411D5091F2007534BB /* AppDelegate.m in Sources */ = {isa = PBXBuildFile; fileRef = F16A84401D5091F2007534BB /* AppDelegate.m */; };
		F16A84441D5091F2007534BB /* ViewController.m in Sources */ = {isa = PBXBuildFile; fileRef = F16A84431D5091F2007534BB /* ViewController.m */; };
		F16A84471D5091F2007534BB /* Main.storyboard in Resources */ = {isa = PBXBuildFile; fileRef = F16A84451D5091F2007534BB /* Main.storyboard */; };
		F16A84491D5091F2007534BB /* Assets.xcassets in Resources */ = {isa = PBXBuildFile; fileRef = F16A84481D5091F2007534BB /* Assets.xcassets */; };
		F16A844C1D5091F2007534BB /* LaunchScreen.storyboard in Resources */ = {isa = PBXBuildFile; fileRef = F16A844A1D5091F2007534BB /* LaunchScreen.storyboard */; };
/* End PBXBuildFile section */

/* Begin PBXFileReference section */
		F16A84391D5091F2007534BB /* d.app */ = {isa = PBXFileReference; explicitFileType = wrapper.application; includeInIndex = 0; path = d.app; sourceTree = BUILT_PRODUCTS_DIR; };
		F16A843D1D5091F2007534BB /* main.m */ = {isa = PBXFileReference; lastKnownFileType = sourcecode.c.objc; path = main.m; sourceTree = "<group>"; };
		F16A843F1D5091F2007534BB /* AppDelegate.h */ = {isa = PBXFileReference; lastKnownFileType = sourcecode.c.h; path = AppDelegate.h; sourceTree = "<group>"; };
		F16A84401D5091F2007534BB /* AppDelegate.m */ = {isa = PBXFileReference; lastKnownFileType = sourcecode.c.objc; path = AppDelegate.m; sourceTree = "<group>"; };
		F16A84421D5091F2007534BB /* ViewController.h */ = {isa = PBXFileReference; lastKnownFileType = sourcecode.c.h; path = ViewController.h; sourceTree = "<group>"; };
		F16A84431D5091F2007534BB /* ViewController.m */ = {isa = PBXFileReference; lastKnownFileType = sourcecode.c.objc; path = ViewController.m; sourceTree = "<group>"; };
		F16A84461D5091F2007534BB /* Base */ = {isa = PBXFileReference; lastKnownFileType = file.storyboard; name = Base; path = Base.lproj/Main.storyboard; sourceTree = "<group>"; };
		F16A84481D5091F2007534BB /* Assets.xcassets */ = {isa = PBXFileReference; lastKnownFileType = folder.assetcatalog; path = Assets.xcassets; sourceTree = "<group>"; };
		F16A844B1D5091F2007534BB /* Base */ = {isa = PBXFileReference; lastKnownFileType = file.storyboard; name = Base; path = Base.lproj/LaunchScreen.storyboard; sourceTree = "<group>"; };
		F16A844D1D5091F2007534BB /* Info.plist */ = {isa = PBXFileReference; lastKnownFileType = text.plist.xml; path = Info.plist; sourceTree = "<group>"; };
/* End PBXFileReference section */

/* Begin PBXFrameworksBuildPhase section */
		F16A84361D5091F2007534BB /* Frameworks */ = {
			isa = PBXFrameworksBuildPhase;
			buildActionMask = 2147483647;
			files = (
			);
			runOnlyForDeploymentPostprocessing = 0;
		};
/* End PBXFrameworksBuildPhase section */

/* Begin PBXGroup section */
		F16A84301D5091F2007534BB = {
			isa = PBXGroup;
			children = (
				F16A843B1D5091F2007534BB /* d */,
				F16A843A1D5091F2007534BB /* Products */,
			);
			sourceTree = "<group>";
		};
		F16A843A1D5091F2007534BB /* Products */ = {
			isa = PBXGroup;
			children = (
				F16A84391D5091F2007534BB /* d.app */,
			);
			name = Products;
			sourceTree = "<group>";
		};
		F16A843B1D5091F2007534BB /* d */ = {
			isa = PBXGroup;
			children = (
				F16A843F1D5091F2007534BB /* AppDelegate.h */,
				F16A84401D5091F2007534BB /* AppDelegate.m */,
				F16A84421D5091F2007534BB /* ViewController.h */,
				F16A84431D5091F2007534BB /* ViewController.m */,
				F16A84451D5091F2007534BB /* Main.storyboard */,
				F16A84481D5091F2007534BB /* Assets.xcassets */,
				F16A844A1D5091F2007534BB /* LaunchScreen.storyboard */,
				F16A844D1D5091F2007534BB /* Info.plist */,
				F16A843C1D5091F2007534BB /* Supporting Files */,
			);
			path = d;
			sourceTree = "<group>";
		};
		F16A843C1D5091F2007534BB /* Supporting Files */ = {
			isa = PBXGroup;
			children = (
				F16A843D1D5091F2007534BB /* main.m */,
			);
			name = "Supporting Files";
			sourceTree = "<group>";
		};
/* End PBXGroup section */

/* Begin PBXNativeTarget section */
		F16A84381D5091F2007534BB /* d */ = {
			isa = PBXNativeTarget;
			buildConfigurationList = F16A84501D5091F2007534BB /* Build configuration list for PBXNativeTarget "d" */;
			buildPhases = (
				F16A84351D5091F2007534BB /* Sources */,
				F16A84361D5091F2007534BB /* Frameworks */,
				F16A84371D5091F2007534BB /* Resources */,
			);
			buildRules = (
			);
			dependencies = (
			);
			name = d;
			productName = d;
			productReference = F16A84391D5091F2007534BB /* d.app */;
			productType = "com.apple.product-type.application";
		};
/* End PBXNativeTarget section */

/* Begin PBXProject section */
		F16A84311D5091F2007534BB /* Project object */ = {
			isa = PBXProject;
			attributes = {
				LastUpgradeCheck = 0730;
				ORGANIZATIONNAME = Vols;
				TargetAttributes = {
					F16A84381D5091F2007534BB = {
						CreatedOnToolsVersion = 7.3;
					};
				};
			};
			buildConfigurationList = F16A84341D5091F2007534BB /* Build configuration list for PBXProject "d" */;
			compatibilityVersion = "Xcode 3.2";
			developmentRegion = English;
			hasScannedForEncodings = 0;
			knownRegions = (
				en,
				Base,
			);
			mainGroup = F16A84301D5091F2007534BB;
			productRefGroup = F16A843A1D5091F2007534BB /* Products */;
			projectDirPath = "";
			projectRoot = "";
			targets = (
				F16A84381D5091F2007534BB /* d */,
			);
		};
/* End PBXProject section */

/* Begin PBXResourcesBuildPhase section */
		F16A84371D5091F2007534BB /* Resources */ = {
			isa = PBXResourcesBuildPhase;
			buildActionMask = 2147483647;
			files = (
				F16A844C1D5091F2007534BB /* LaunchScreen.storyboard in Resources */,
				F16A84491D5091F2007534BB /* Assets.xcassets in Resources */,
				F16A84471D5091F2007534BB /* Main.storyboard in Resources */,
			);
			runOnlyForDeploymentPostprocessing = 0;
		};
/* End PBXResourcesBuildPhase section */

/* Begin PBXSourcesBuildPhase section */
		F16A84351D5091F2007534BB /* Sources */ = {
			isa = PBXSourcesBuildPhase;
			buildActionMask = 2147483647;
			files = (
				F16A84441D5091F2007534BB /* ViewController.m in Sources */,
				F16A84411D5091F2007534BB /* AppDelegate.m in Sources */,
				F16A843E1D5091F2007534BB /* main.m in Sources */,
			);
			runOnlyForDeploymentPostprocessing = 0;
		};
/* End PBXSourcesBuildPhase section */

/* Begin PBXVariantGroup section */
		F16A84451D5091F2007534BB /* Main.storyboard */ = {
			isa = PBXVariantGroup;
			children = (
				F16A84461D5091F2007534BB /* Base */,
			);
			name = Main.storyboard;
			sourceTree = "<group>";
		};
		F16A844A1D5091F2007534BB /* LaunchScreen.storyboard */ = {
			isa = PBXVariantGroup;
			children = (
				F16A844B1D5091F2007534BB /* Base */,
			);
			name = LaunchScreen.storyboard;
			sourceTree = "<group>";
		};
/* End PBXVariantGroup section */

/* Begin XCBuildConfiguration section */
		F16A844E1D5091F2007534BB /* Debug */ = {
			isa = XCBuildConfiguration;
			buildSettings = {
				ALWAYS_SEARCH_USER_PATHS = NO;
				CLANG_ANALYZER_NONNULL = YES;
				CLANG_CXX_LANGUAGE_STANDARD = "gnu++0x";
				CLANG_CXX_LIBRARY = "libc++";
				CLANG_ENABLE_MODULES = YES;
				CLANG_ENABLE_OBJC_ARC = YES;
				CLANG_WARN_BOOL_CONVERSION = YES;
				CLANG_WARN_CONSTANT_CONVERSION = YES;
				CLANG_WARN_DIRECT_OBJC_ISA_USAGE = YES_ERROR;
				CLANG_WARN_EMPTY_BODY = YES;
				CLANG_WARN_ENUM_CONVERSION = YES;
				CLANG_WARN_INT_CONVERSION = YES;
				CLANG_WARN_OBJC_ROOT_CLASS = YES_ERROR;
				CLANG_WARN_UNREACHABLE_CODE = YES;
				CLANG_WARN__DUPLICATE_METHOD_MATCH = YES;
				"CODE_SIGN_IDENTITY[sdk=iphoneos*]" = "iPhone Developer";
				COPY_PHASE_STRIP = NO;
				DEBUG_INFORMATION_FORMAT = dwarf;
				ENABLE_STRICT_OBJC_MSGSEND = YES;
				ENABLE_TESTABILITY = YES;
				GCC_C_LANGUAGE_STANDARD = gnu99;
				GCC_DYNAMIC_NO_PIC = NO;
				GCC_NO_COMMON_BLOCKS = YES;
				GCC_OPTIMIZATION_LEVEL = 0;
				GCC_PREPROCESSOR_DEFINITIONS = (
					"DEBUG=1",
					"$(inherited)",
				);
				GCC_WARN_64_TO_32_BIT_CONVERSION = YES;
				GCC_WARN_ABOUT_RETURN_TYPE = YES_ERROR;
				GCC_WARN_UNDECLARED_SELECTOR = YES;
				GCC_WARN_UNINITIALIZED_AUTOS = YES_AGGRESSIVE;
				GCC_WARN_UNUSED_FUNCTION = YES;
				GCC_WARN_UNUSED_VARIABLE = YES;
				IPHONEOS_DEPLOYMENT_TARGET = 9.3;
				MTL_ENABLE_DEBUG_INFO = YES;
				ONLY_ACTIVE_ARCH = YES;
				SDKROOT = iphoneos;
			};
			name = Debug;
		};
		F16A844F1D5091F2007534BB /* Release */ = {
			isa = XCBuildConfiguration;
			buildSettings = {
				ALWAYS_SEARCH_USER_PATHS = NO;
				CLANG_ANALYZER_NONNULL = YES;
				CLANG_CXX_LANGUAGE_STANDARD = "gnu++0x";
				CLANG_CXX_LIBRARY = "libc++";
				CLANG_ENABLE_MODULES = YES;
				CLANG_ENABLE_OBJC_ARC = YES;
				CLANG_WARN_BOOL_CONVERSION = YES;
				CLANG_WARN_CONSTANT_CONVERSION = YES;
				CLANG_WARN_DIRECT_OBJC_ISA_USAGE = YES_ERROR;
				CLANG_WARN_EMPTY_BODY = YES;
				CLANG_WARN_ENUM_CONVERSION = YES;
				CLANG_WARN_INT_CONVERSION = YES;
				CLANG_WARN_OBJC_ROOT_CLASS = YES_ERROR;
				CLANG_WARN_UNREACHABLE_CODE = YES;
				CLANG_WARN__DUPLICATE_METHOD_MATCH = YES;
				"CODE_SIGN_IDENTITY[sdk=iphoneos*]" = "iPhone Developer";
				COPY_PHASE_STRIP = NO;
				DEBUG_INFORMATION_FORMAT = "dwarf-with-dsym";
				ENABLE_NS_ASSERTIONS = NO;
				ENABLE_STRICT_OBJC_MSGSEND = YES;
				GCC_C_LANGUAGE_STANDARD = gnu99;
				GCC_NO_COMMON_BLOCKS = YES;
				GCC_WARN_64_TO_32_BIT_CONVERSION = YES;
				GCC_WARN_ABOUT_RETURN_TYPE = YES_ERROR;
				GCC_WARN_UNDECLARED_SELECTOR = YES;
				GCC_WARN_UNINITIALIZED_AUTOS = YES_AGGRESSIVE;
				GCC_WARN_UNUSED_FUNCTION = YES;
				GCC_WARN_UNUSED_VARIABLE = YES;
				IPHONEOS_DEPLOYMENT_TARGET = 9.3;
				MTL_ENABLE_DEBUG_INFO = NO;
				SDKROOT = iphoneos;
				VALIDATE_PRODUCT = YES;
			};
			name = Release;
		};
		F16A84511D5091F2007534BB /* Debug */ = {
			isa = XCBuildConfiguration;
			buildSettings = {
				ASSETCATALOG_COMPILER_APPICON_NAME = AppIcon;
				INFOPLIST_FILE = d/Info.plist;
				LD_RUNPATH_SEARCH_PATHS = "$(inherited) @executable_path/Frameworks";
				PRODUCT_BUNDLE_IDENTIFIER = com.d;
				PRODUCT_NAME = "$(TARGET_NAME)";
			};
			name = Debug;
		};
		F16A84521D5091F2007534BB /* Release */ = {
			isa = XCBuildConfiguration;
			buildSettings = {
				ASSETCATALOG_COMPILER_APPICON_NAME = AppIcon;
				INFOPLIST_FILE = d/Info.plist;
				LD_RUNPATH_SEARCH_PATHS = "$(inherited) @executable_path/Frameworks";
				PRODUCT_BUNDLE_IDENTIFIER = com.d;
				PRODUCT_NAME = "$(TARGET_NAME)";
			};
			name = Release;
		};
/* End XCBuildConfiguration section */

/* Begin XCConfigurationList section */
		F16A84341D5091F2007534BB /* Build configuration list for PBXProject "d" */ = {
			isa = XCConfigurationList;
			buildConfigurations = (
				F16A844E1D5091F2007534BB /* Debug */,
				F16A844F1D5091F2007534BB /* Release */,
			);
			defaultConfigurationIsVisible = 0;
			defaultConfigurationName = Release;
		};
		F16A84501D5091F2007534BB /* Build configuration list for PBXNativeTarget "d" */ = {
			isa = XCConfigurationList;
			buildConfigurations = (
				F16A84511D5091F2007534BB /* Debug */,
				F16A84521D5091F2007534BB /* Release */,
			);
			defaultConfigurationIsVisible = 0;
		};
/* End XCConfigurationList section */
	};
	rootObject = F16A84311D5091F2007534BB /* Project object */;
}
