// !$*UTF8*$!
{
	archiveVersion = 1;
	classes = {
	};
	objectVersion = 46;
	objects = {

/* Begin PBXBuildFile section */
		F167FEF01C8678B10007DCBE /* main.m in Sources */ = {isa = PBXBuildFile; fileRef = F167FEEF1C8678B10007DCBE /* main.m */; };
		F167FEF31C8678B10007DCBE /* AppDelegate.m in Sources */ = {isa = PBXBuildFile; fileRef = F167FEF21C8678B10007DCBE /* AppDelegate.m */; };
		F167FEF61C8678B10007DCBE /* ViewController.m in Sources */ = {isa = PBXBuildFile; fileRef = F167FEF51C8678B10007DCBE /* ViewController.m */; };
		F167FEF91C8678B10007DCBE /* Main.storyboard in Resources */ = {isa = PBXBuildFile; fileRef = F167FEF71C8678B10007DCBE /* Main.storyboard */; };
		F167FEFB1C8678B10007DCBE /* Assets.xcassets in Resources */ = {isa = PBXBuildFile; fileRef = F167FEFA1C8678B10007DCBE /* Assets.xcassets */; };
		F167FEFE1C8678B10007DCBE /* LaunchScreen.storyboard in Resources */ = {isa = PBXBuildFile; fileRef = F167FEFC1C8678B10007DCBE /* LaunchScreen.storyboard */; };
		F167FF081C8678DD0007DCBE /* AddSubButton.m in Sources */ = {isa = PBXBuildFile; fileRef = F167FF071C8678DD0007DCBE /* AddSubButton.m */; };
/* End PBXBuildFile section */

/* Begin PBXFileReference section */
		F167FEEB1C8678B10007DCBE /* AddSubButton.app */ = {isa = PBXFileReference; explicitFileType = wrapper.application; includeInIndex = 0; path = AddSubButton.app; sourceTree = BUILT_PRODUCTS_DIR; };
		F167FEEF1C8678B10007DCBE /* main.m */ = {isa = PBXFileReference; lastKnownFileType = sourcecode.c.objc; path = main.m; sourceTree = "<group>"; };
		F167FEF11C8678B10007DCBE /* AppDelegate.h */ = {isa = PBXFileReference; lastKnownFileType = sourcecode.c.h; path = AppDelegate.h; sourceTree = "<group>"; };
		F167FEF21C8678B10007DCBE /* AppDelegate.m */ = {isa = PBXFileReference; lastKnownFileType = sourcecode.c.objc; path = AppDelegate.m; sourceTree = "<group>"; };
		F167FEF41C8678B10007DCBE /* ViewController.h */ = {isa = PBXFileReference; lastKnownFileType = sourcecode.c.h; path = ViewController.h; sourceTree = "<group>"; };
		F167FEF51C8678B10007DCBE /* ViewController.m */ = {isa = PBXFileReference; lastKnownFileType = sourcecode.c.objc; path = ViewController.m; sourceTree = "<group>"; };
		F167FEF81C8678B10007DCBE /* Base */ = {isa = PBXFileReference; lastKnownFileType = file.storyboard; name = Base; path = Base.lproj/Main.storyboard; sourceTree = "<group>"; };
		F167FEFA1C8678B10007DCBE /* Assets.xcassets */ = {isa = PBXFileReference; lastKnownFileType = folder.assetcatalog; path = Assets.xcassets; sourceTree = "<group>"; };
		F167FEFD1C8678B10007DCBE /* Base */ = {isa = PBXFileReference; lastKnownFileType = file.storyboard; name = Base; path = Base.lproj/LaunchScreen.storyboard; sourceTree = "<group>"; };
		F167FEFF1C8678B10007DCBE /* Info.plist */ = {isa = PBXFileReference; lastKnownFileType = text.plist.xml; path = Info.plist; sourceTree = "<group>"; };
		F167FF061C8678DD0007DCBE /* AddSubButton.h */ = {isa = PBXFileReference; fileEncoding = 4; lastKnownFileType = sourcecode.c.h; path = AddSubButton.h; sourceTree = "<group>"; };
		F167FF071C8678DD0007DCBE /* AddSubButton.m */ = {isa = PBXFileReference; fileEncoding = 4; lastKnownFileType = sourcecode.c.objc; path = AddSubButton.m; sourceTree = "<group>"; };
/* End PBXFileReference section */

/* Begin PBXFrameworksBuildPhase section */
		F167FEE81C8678B10007DCBE /* Frameworks */ = {
			isa = PBXFrameworksBuildPhase;
			buildActionMask = 2147483647;
			files = (
			);
			runOnlyForDeploymentPostprocessing = 0;
		};
/* End PBXFrameworksBuildPhase section */

/* Begin PBXGroup section */
		F167FEE21C8678B00007DCBE = {
			isa = PBXGroup;
			children = (
				F167FEED1C8678B10007DCBE /* AddSubButton */,
				F167FEEC1C8678B10007DCBE /* Products */,
			);
			sourceTree = "<group>";
		};
		F167FEEC1C8678B10007DCBE /* Products */ = {
			isa = PBXGroup;
			children = (
				F167FEEB1C8678B10007DCBE /* AddSubButton.app */,
			);
			name = Products;
			sourceTree = "<group>";
		};
		F167FEED1C8678B10007DCBE /* AddSubButton */ = {
			isa = PBXGroup;
			children = (
				F167FF051C8678C50007DCBE /* AddSubButton */,
				F167FEF11C8678B10007DCBE /* AppDelegate.h */,
				F167FEF21C8678B10007DCBE /* AppDelegate.m */,
				F167FEF41C8678B10007DCBE /* ViewController.h */,
				F167FEF51C8678B10007DCBE /* ViewController.m */,
				F167FEF71C8678B10007DCBE /* Main.storyboard */,
				F167FEFA1C8678B10007DCBE /* Assets.xcassets */,
				F167FEFC1C8678B10007DCBE /* LaunchScreen.storyboard */,
				F167FEFF1C8678B10007DCBE /* Info.plist */,
				F167FEEE1C8678B10007DCBE /* Supporting Files */,
			);
			path = AddSubButton;
			sourceTree = "<group>";
		};
		F167FEEE1C8678B10007DCBE /* Supporting Files */ = {
			isa = PBXGroup;
			children = (
				F167FEEF1C8678B10007DCBE /* main.m */,
			);
			name = "Supporting Files";
			sourceTree = "<group>";
		};
		F167FF051C8678C50007DCBE /* AddSubButton */ = {
			isa = PBXGroup;
			children = (
				F167FF061C8678DD0007DCBE /* AddSubButton.h */,
				F167FF071C8678DD0007DCBE /* AddSubButton.m */,
			);
			path = AddSubButton;
			sourceTree = "<group>";
		};
/* End PBXGroup section */

/* Begin PBXNativeTarget section */
		F167FEEA1C8678B10007DCBE /* AddSubButton */ = {
			isa = PBXNativeTarget;
			buildConfigurationList = F167FF021C8678B10007DCBE /* Build configuration list for PBXNativeTarget "AddSubButton" */;
			buildPhases = (
				F167FEE71C8678B10007DCBE /* Sources */,
				F167FEE81C8678B10007DCBE /* Frameworks */,
				F167FEE91C8678B10007DCBE /* Resources */,
			);
			buildRules = (
			);
			dependencies = (
			);
			name = AddSubButton;
			productName = AddSubButton;
			productReference = F167FEEB1C8678B10007DCBE /* AddSubButton.app */;
			productType = "com.apple.product-type.application";
		};
/* End PBXNativeTarget section */

/* Begin PBXProject section */
		F167FEE31C8678B00007DCBE /* Project object */ = {
			isa = PBXProject;
			attributes = {
				LastUpgradeCheck = 0710;
				ORGANIZATIONNAME = HaierSmart;
				TargetAttributes = {
					F167FEEA1C8678B10007DCBE = {
						CreatedOnToolsVersion = 7.1;
					};
				};
			};
			buildConfigurationList = F167FEE61C8678B00007DCBE /* Build configuration list for PBXProject "AddSubButton" */;
			compatibilityVersion = "Xcode 3.2";
			developmentRegion = English;
			hasScannedForEncodings = 0;
			knownRegions = (
				en,
				Base,
			);
			mainGroup = F167FEE21C8678B00007DCBE;
			productRefGroup = F167FEEC1C8678B10007DCBE /* Products */;
			projectDirPath = "";
			projectRoot = "";
			targets = (
				F167FEEA1C8678B10007DCBE /* AddSubButton */,
			);
		};
/* End PBXProject section */

/* Begin PBXResourcesBuildPhase section */
		F167FEE91C8678B10007DCBE /* Resources */ = {
			isa = PBXResourcesBuildPhase;
			buildActionMask = 2147483647;
			files = (
				F167FEFE1C8678B10007DCBE /* LaunchScreen.storyboard in Resources */,
				F167FEFB1C8678B10007DCBE /* Assets.xcassets in Resources */,
				F167FEF91C8678B10007DCBE /* Main.storyboard in Resources */,
			);
			runOnlyForDeploymentPostprocessing = 0;
		};
/* End PBXResourcesBuildPhase section */

/* Begin PBXSourcesBuildPhase section */
		F167FEE71C8678B10007DCBE /* Sources */ = {
			isa = PBXSourcesBuildPhase;
			buildActionMask = 2147483647;
			files = (
				F167FF081C8678DD0007DCBE /* AddSubButton.m in Sources */,
				F167FEF61C8678B10007DCBE /* ViewController.m in Sources */,
				F167FEF31C8678B10007DCBE /* AppDelegate.m in Sources */,
				F167FEF01C8678B10007DCBE /* main.m in Sources */,
			);
			runOnlyForDeploymentPostprocessing = 0;
		};
/* End PBXSourcesBuildPhase section */

/* Begin PBXVariantGroup section */
		F167FEF71C8678B10007DCBE /* Main.storyboard */ = {
			isa = PBXVariantGroup;
			children = (
				F167FEF81C8678B10007DCBE /* Base */,
			);
			name = Main.storyboard;
			sourceTree = "<group>";
		};
		F167FEFC1C8678B10007DCBE /* LaunchScreen.storyboard */ = {
			isa = PBXVariantGroup;
			children = (
				F167FEFD1C8678B10007DCBE /* Base */,
			);
			name = LaunchScreen.storyboard;
			sourceTree = "<group>";
		};
/* End PBXVariantGroup section */

/* Begin XCBuildConfiguration section */
		F167FF001C8678B10007DCBE /* Debug */ = {
			isa = XCBuildConfiguration;
			buildSettings = {
				ALWAYS_SEARCH_USER_PATHS = NO;
				CLANG_CXX_LANGUAGE_STANDARD = "gnu++0x";
				CLANG_CXX_LIBRARY = "libc++";
				CLANG_ENABLE_MODULES = YES;
				CLANG_ENABLE_OBJC_ARC = YES;
				CLANG_WARN_BOOL_CONVERSION = YES;
				CLANG_WARN_CONSTANT_CONVERSION = YES;
				CLANG_WARN_DIRECT_OBJC_ISA_USAGE = YES_ERROR;
				CLANG_WARN_EMPTY_BODY = YES;
				CLANG_WARN_ENUM_CONVERSION = YES;
				CLANG_WARN_INT_CONVERSION = YES;
				CLANG_WARN_OBJC_ROOT_CLASS = YES_ERROR;
				CLANG_WARN_UNREACHABLE_CODE = YES;
				CLANG_WARN__DUPLICATE_METHOD_MATCH = YES;
				"CODE_SIGN_IDENTITY[sdk=iphoneos*]" = "iPhone Developer";
				COPY_PHASE_STRIP = NO;
				DEBUG_INFORMATION_FORMAT = dwarf;
				ENABLE_STRICT_OBJC_MSGSEND = YES;
				ENABLE_TESTABILITY = YES;
				GCC_C_LANGUAGE_STANDARD = gnu99;
				GCC_DYNAMIC_NO_PIC = NO;
				GCC_NO_COMMON_BLOCKS = YES;
				GCC_OPTIMIZATION_LEVEL = 0;
				GCC_PREPROCESSOR_DEFINITIONS = (
					"DEBUG=1",
					"$(inherited)",
				);
				GCC_WARN_64_TO_32_BIT_CONVERSION = YES;
				GCC_WARN_ABOUT_RETURN_TYPE = YES_ERROR;
				GCC_WARN_UNDECLARED_SELECTOR = YES;
				GCC_WARN_UNINITIALIZED_AUTOS = YES_AGGRESSIVE;
				GCC_WARN_UNUSED_FUNCTION = YES;
				GCC_WARN_UNUSED_VARIABLE = YES;
				IPHONEOS_DEPLOYMENT_TARGET = 9.1;
				MTL_ENABLE_DEBUG_INFO = YES;
				ONLY_ACTIVE_ARCH = YES;
				SDKROOT = iphoneos;
			};
			name = Debug;
		};
		F167FF011C8678B10007DCBE /* Release */ = {
			isa = XCBuildConfiguration;
			buildSettings = {
				ALWAYS_SEARCH_USER_PATHS = NO;
				CLANG_CXX_LANGUAGE_STANDARD = "gnu++0x";
				CLANG_CXX_LIBRARY = "libc++";
				CLANG_ENABLE_MODULES = YES;
				CLANG_ENABLE_OBJC_ARC = YES;
				CLANG_WARN_BOOL_CONVERSION = YES;
				CLANG_WARN_CONSTANT_CONVERSION = YES;
				CLANG_WARN_DIRECT_OBJC_ISA_USAGE = YES_ERROR;
				CLANG_WARN_EMPTY_BODY = YES;
				CLANG_WARN_ENUM_CONVERSION = YES;
				CLANG_WARN_INT_CONVERSION = YES;
				CLANG_WARN_OBJC_ROOT_CLASS = YES_ERROR;
				CLANG_WARN_UNREACHABLE_CODE = YES;
				CLANG_WARN__DUPLICATE_METHOD_MATCH = YES;
				"CODE_SIGN_IDENTITY[sdk=iphoneos*]" = "iPhone Developer";
				COPY_PHASE_STRIP = NO;
				DEBUG_INFORMATION_FORMAT = "dwarf-with-dsym";
				ENABLE_NS_ASSERTIONS = NO;
				ENABLE_STRICT_OBJC_MSGSEND = YES;
				GCC_C_LANGUAGE_STANDARD = gnu99;
				GCC_NO_COMMON_BLOCKS = YES;
				GCC_WARN_64_TO_32_BIT_CONVERSION = YES;
				GCC_WARN_ABOUT_RETURN_TYPE = YES_ERROR;
				GCC_WARN_UNDECLARED_SELECTOR = YES;
				GCC_WARN_UNINITIALIZED_AUTOS = YES_AGGRESSIVE;
				GCC_WARN_UNUSED_FUNCTION = YES;
				GCC_WARN_UNUSED_VARIABLE = YES;
				IPHONEOS_DEPLOYMENT_TARGET = 9.1;
				MTL_ENABLE_DEBUG_INFO = NO;
				SDKROOT = iphoneos;
				VALIDATE_PRODUCT = YES;
			};
			name = Release;
		};
		F167FF031C8678B10007DCBE /* Debug */ = {
			isa = XCBuildConfiguration;
			buildSettings = {
				ASSETCATALOG_COMPILER_APPICON_NAME = AppIcon;
				INFOPLIST_FILE = AddSubButton/Info.plist;
				LD_RUNPATH_SEARCH_PATHS = "$(inherited) @executable_path/Frameworks";
				PRODUCT_BUNDLE_IDENTIFIER = com.AddSubButton;
				PRODUCT_NAME = "$(TARGET_NAME)";
			};
			name = Debug;
		};
		F167FF041C8678B10007DCBE /* Release */ = {
			isa = XCBuildConfiguration;
			buildSettings = {
				ASSETCATALOG_COMPILER_APPICON_NAME = AppIcon;
				INFOPLIST_FILE = AddSubButton/Info.plist;
				LD_RUNPATH_SEARCH_PATHS = "$(inherited) @executable_path/Frameworks";
				PRODUCT_BUNDLE_IDENTIFIER = com.AddSubButton;
				PRODUCT_NAME = "$(TARGET_NAME)";
			};
			name = Release;
		};
/* End XCBuildConfiguration section */

/* Begin XCConfigurationList section */
		F167FEE61C8678B00007DCBE /* Build configuration list for PBXProject "AddSubButton" */ = {
			isa = XCConfigurationList;
			buildConfigurations = (
				F167FF001C8678B10007DCBE /* Debug */,
				F167FF011C8678B10007DCBE /* Release */,
			);
			defaultConfigurationIsVisible = 0;
			defaultConfigurationName = Release;
		};
		F167FF021C8678B10007DCBE /* Build configuration list for PBXNativeTarget "AddSubButton" */ = {
			isa = XCConfigurationList;
			buildConfigurations = (
				F167FF031C8678B10007DCBE /* Debug */,
				F167FF041C8678B10007DCBE /* Release */,
			);
			defaultConfigurationIsVisible = 0;
		};
/* End XCConfigurationList section */
	};
	rootObject = F167FEE31C8678B00007DCBE /* Project object */;
}
