// !$*UTF8*$!
{
	archiveVersion = 1;
	classes = {
	};
	objectVersion = 46;
	objects = {

/* Begin PBXBuildFile section */
		F13BCDED1CD1EF2C00ACD566 /* main.m in Sources */ = {isa = PBXBuildFile; fileRef = F13BCDEC1CD1EF2C00ACD566 /* main.m */; };
		F13BCDF01CD1EF2C00ACD566 /* AppDelegate.m in Sources */ = {isa = PBXBuildFile; fileRef = F13BCDEF1CD1EF2C00ACD566 /* AppDelegate.m */; };
		F13BCDF31CD1EF2C00ACD566 /* ViewController.m in Sources */ = {isa = PBXBuildFile; fileRef = F13BCDF21CD1EF2C00ACD566 /* ViewController.m */; };
		F13BCDF61CD1EF2C00ACD566 /* Main.storyboard in Resources */ = {isa = PBXBuildFile; fileRef = F13BCDF41CD1EF2C00ACD566 /* Main.storyboard */; };
		F13BCDF81CD1EF2C00ACD566 /* Assets.xcassets in Resources */ = {isa = PBXBuildFile; fileRef = F13BCDF71CD1EF2C00ACD566 /* Assets.xcassets */; };
		F13BCDFB1CD1EF2C00ACD566 /* LaunchScreen.storyboard in Resources */ = {isa = PBXBuildFile; fileRef = F13BCDF91CD1EF2C00ACD566 /* LaunchScreen.storyboard */; };
/* End PBXBuildFile section */

/* Begin PBXFileReference section */
		F13BCDE81CD1EF2C00ACD566 /* demo.app */ = {isa = PBXFileReference; explicitFileType = wrapper.application; includeInIndex = 0; path = demo.app; sourceTree = BUILT_PRODUCTS_DIR; };
		F13BCDEC1CD1EF2C00ACD566 /* main.m */ = {isa = PBXFileReference; lastKnownFileType = sourcecode.c.objc; path = main.m; sourceTree = "<group>"; };
		F13BCDEE1CD1EF2C00ACD566 /* AppDelegate.h */ = {isa = PBXFileReference; lastKnownFileType = sourcecode.c.h; path = AppDelegate.h; sourceTree = "<group>"; };
		F13BCDEF1CD1EF2C00ACD566 /* AppDelegate.m */ = {isa = PBXFileReference; lastKnownFileType = sourcecode.c.objc; path = AppDelegate.m; sourceTree = "<group>"; };
		F13BCDF11CD1EF2C00ACD566 /* ViewController.h */ = {isa = PBXFileReference; lastKnownFileType = sourcecode.c.h; path = ViewController.h; sourceTree = "<group>"; };
		F13BCDF21CD1EF2C00ACD566 /* ViewController.m */ = {isa = PBXFileReference; lastKnownFileType = sourcecode.c.objc; path = ViewController.m; sourceTree = "<group>"; };
		F13BCDF51CD1EF2C00ACD566 /* Base */ = {isa = PBXFileReference; lastKnownFileType = file.storyboard; name = Base; path = Base.lproj/Main.storyboard; sourceTree = "<group>"; };
		F13BCDF71CD1EF2C00ACD566 /* Assets.xcassets */ = {isa = PBXFileReference; lastKnownFileType = folder.assetcatalog; path = Assets.xcassets; sourceTree = "<group>"; };
		F13BCDFA1CD1EF2C00ACD566 /* Base */ = {isa = PBXFileReference; lastKnownFileType = file.storyboard; name = Base; path = Base.lproj/LaunchScreen.storyboard; sourceTree = "<group>"; };
		F13BCDFC1CD1EF2C00ACD566 /* Info.plist */ = {isa = PBXFileReference; lastKnownFileType = text.plist.xml; path = Info.plist; sourceTree = "<group>"; };
/* End PBXFileReference section */

/* Begin PBXFrameworksBuildPhase section */
		F13BCDE51CD1EF2C00ACD566 /* Frameworks */ = {
			isa = PBXFrameworksBuildPhase;
			buildActionMask = 2147483647;
			files = (
			);
			runOnlyForDeploymentPostprocessing = 0;
		};
/* End PBXFrameworksBuildPhase section */

/* Begin PBXGroup section */
		F13BCDDF1CD1EF2C00ACD566 = {
			isa = PBXGroup;
			children = (
				F13BCDEA1CD1EF2C00ACD566 /* demo */,
				F13BCDE91CD1EF2C00ACD566 /* Products */,
			);
			sourceTree = "<group>";
		};
		F13BCDE91CD1EF2C00ACD566 /* Products */ = {
			isa = PBXGroup;
			children = (
				F13BCDE81CD1EF2C00ACD566 /* demo.app */,
			);
			name = Products;
			sourceTree = "<group>";
		};
		F13BCDEA1CD1EF2C00ACD566 /* demo */ = {
			isa = PBXGroup;
			children = (
				F13BCDEE1CD1EF2C00ACD566 /* AppDelegate.h */,
				F13BCDEF1CD1EF2C00ACD566 /* AppDelegate.m */,
				F13BCDF11CD1EF2C00ACD566 /* ViewController.h */,
				F13BCDF21CD1EF2C00ACD566 /* ViewController.m */,
				F13BCDF41CD1EF2C00ACD566 /* Main.storyboard */,
				F13BCDF71CD1EF2C00ACD566 /* Assets.xcassets */,
				F13BCDF91CD1EF2C00ACD566 /* LaunchScreen.storyboard */,
				F13BCDFC1CD1EF2C00ACD566 /* Info.plist */,
				F13BCDEB1CD1EF2C00ACD566 /* Supporting Files */,
			);
			path = demo;
			sourceTree = "<group>";
		};
		F13BCDEB1CD1EF2C00ACD566 /* Supporting Files */ = {
			isa = PBXGroup;
			children = (
				F13BCDEC1CD1EF2C00ACD566 /* main.m */,
			);
			name = "Supporting Files";
			sourceTree = "<group>";
		};
/* End PBXGroup section */

/* Begin PBXNativeTarget section */
		F13BCDE71CD1EF2C00ACD566 /* demo */ = {
			isa = PBXNativeTarget;
			buildConfigurationList = F13BCDFF1CD1EF2C00ACD566 /* Build configuration list for PBXNativeTarget "demo" */;
			buildPhases = (
				F13BCDE41CD1EF2C00ACD566 /* Sources */,
				F13BCDE51CD1EF2C00ACD566 /* Frameworks */,
				F13BCDE61CD1EF2C00ACD566 /* Resources */,
			);
			buildRules = (
			);
			dependencies = (
			);
			name = demo;
			productName = demo;
			productReference = F13BCDE81CD1EF2C00ACD566 /* demo.app */;
			productType = "com.apple.product-type.application";
		};
/* End PBXNativeTarget section */

/* Begin PBXProject section */
		F13BCDE01CD1EF2C00ACD566 /* Project object */ = {
			isa = PBXProject;
			attributes = {
				LastUpgradeCheck = 0730;
				ORGANIZATIONNAME = Vols;
				TargetAttributes = {
					F13BCDE71CD1EF2C00ACD566 = {
						CreatedOnToolsVersion = 7.3;
					};
				};
			};
			buildConfigurationList = F13BCDE31CD1EF2C00ACD566 /* Build configuration list for PBXProject "demo" */;
			compatibilityVersion = "Xcode 3.2";
			developmentRegion = English;
			hasScannedForEncodings = 0;
			knownRegions = (
				en,
				Base,
			);
			mainGroup = F13BCDDF1CD1EF2C00ACD566;
			productRefGroup = F13BCDE91CD1EF2C00ACD566 /* Products */;
			projectDirPath = "";
			projectRoot = "";
			targets = (
				F13BCDE71CD1EF2C00ACD566 /* demo */,
			);
		};
/* End PBXProject section */

/* Begin PBXResourcesBuildPhase section */
		F13BCDE61CD1EF2C00ACD566 /* Resources */ = {
			isa = PBXResourcesBuildPhase;
			buildActionMask = 2147483647;
			files = (
				F13BCDFB1CD1EF2C00ACD566 /* LaunchScreen.storyboard in Resources */,
				F13BCDF81CD1EF2C00ACD566 /* Assets.xcassets in Resources */,
				F13BCDF61CD1EF2C00ACD566 /* Main.storyboard in Resources */,
			);
			runOnlyForDeploymentPostprocessing = 0;
		};
/* End PBXResourcesBuildPhase section */

/* Begin PBXSourcesBuildPhase section */
		F13BCDE41CD1EF2C00ACD566 /* Sources */ = {
			isa = PBXSourcesBuildPhase;
			buildActionMask = 2147483647;
			files = (
				F13BCDF31CD1EF2C00ACD566 /* ViewController.m in Sources */,
				F13BCDF01CD1EF2C00ACD566 /* AppDelegate.m in Sources */,
				F13BCDED1CD1EF2C00ACD566 /* main.m in Sources */,
			);
			runOnlyForDeploymentPostprocessing = 0;
		};
/* End PBXSourcesBuildPhase section */

/* Begin PBXVariantGroup section */
		F13BCDF41CD1EF2C00ACD566 /* Main.storyboard */ = {
			isa = PBXVariantGroup;
			children = (
				F13BCDF51CD1EF2C00ACD566 /* Base */,
			);
			name = Main.storyboard;
			sourceTree = "<group>";
		};
		F13BCDF91CD1EF2C00ACD566 /* LaunchScreen.storyboard */ = {
			isa = PBXVariantGroup;
			children = (
				F13BCDFA1CD1EF2C00ACD566 /* Base */,
			);
			name = LaunchScreen.storyboard;
			sourceTree = "<group>";
		};
/* End PBXVariantGroup section */

/* Begin XCBuildConfiguration section */
		F13BCDFD1CD1EF2C00ACD566 /* Debug */ = {
			isa = XCBuildConfiguration;
			buildSettings = {
				ALWAYS_SEARCH_USER_PATHS = NO;
				CLANG_ANALYZER_NONNULL = YES;
				CLANG_CXX_LANGUAGE_STANDARD = "gnu++0x";
				CLANG_CXX_LIBRARY = "libc++";
				CLANG_ENABLE_MODULES = YES;
				CLANG_ENABLE_OBJC_ARC = YES;
				CLANG_WARN_BOOL_CONVERSION = YES;
				CLANG_WARN_CONSTANT_CONVERSION = YES;
				CLANG_WARN_DIRECT_OBJC_ISA_USAGE = YES_ERROR;
				CLANG_WARN_EMPTY_BODY = YES;
				CLANG_WARN_ENUM_CONVERSION = YES;
				CLANG_WARN_INT_CONVERSION = YES;
				CLANG_WARN_OBJC_ROOT_CLASS = YES_ERROR;
				CLANG_WARN_UNREACHABLE_CODE = YES;
				CLANG_WARN__DUPLICATE_METHOD_MATCH = YES;
				"CODE_SIGN_IDENTITY[sdk=iphoneos*]" = "iPhone Developer";
				COPY_PHASE_STRIP = NO;
				DEBUG_INFORMATION_FORMAT = dwarf;
				ENABLE_STRICT_OBJC_MSGSEND = YES;
				ENABLE_TESTABILITY = YES;
				GCC_C_LANGUAGE_STANDARD = gnu99;
				GCC_DYNAMIC_NO_PIC = NO;
				GCC_NO_COMMON_BLOCKS = YES;
				GCC_OPTIMIZATION_LEVEL = 0;
				GCC_PREPROCESSOR_DEFINITIONS = (
					"DEBUG=1",
					"$(inherited)",
				);
				GCC_WARN_64_TO_32_BIT_CONVERSION = YES;
				GCC_WARN_ABOUT_RETURN_TYPE = YES_ERROR;
				GCC_WARN_UNDECLARED_SELECTOR = YES;
				GCC_WARN_UNINITIALIZED_AUTOS = YES_AGGRESSIVE;
				GCC_WARN_UNUSED_FUNCTION = YES;
				GCC_WARN_UNUSED_VARIABLE = YES;
				IPHONEOS_DEPLOYMENT_TARGET = 9.3;
				MTL_ENABLE_DEBUG_INFO = YES;
				ONLY_ACTIVE_ARCH = YES;
				SDKROOT = iphoneos;
			};
			name = Debug;
		};
		F13BCDFE1CD1EF2C00ACD566 /* Release */ = {
			isa = XCBuildConfiguration;
			buildSettings = {
				ALWAYS_SEARCH_USER_PATHS = NO;
				CLANG_ANALYZER_NONNULL = YES;
				CLANG_CXX_LANGUAGE_STANDARD = "gnu++0x";
				CLANG_CXX_LIBRARY = "libc++";
				CLANG_ENABLE_MODULES = YES;
				CLANG_ENABLE_OBJC_ARC = YES;
				CLANG_WARN_BOOL_CONVERSION = YES;
				CLANG_WARN_CONSTANT_CONVERSION = YES;
				CLANG_WARN_DIRECT_OBJC_ISA_USAGE = YES_ERROR;
				CLANG_WARN_EMPTY_BODY = YES;
				CLANG_WARN_ENUM_CONVERSION = YES;
				CLANG_WARN_INT_CONVERSION = YES;
				CLANG_WARN_OBJC_ROOT_CLASS = YES_ERROR;
				CLANG_WARN_UNREACHABLE_CODE = YES;
				CLANG_WARN__DUPLICATE_METHOD_MATCH = YES;
				"CODE_SIGN_IDENTITY[sdk=iphoneos*]" = "iPhone Developer";
				COPY_PHASE_STRIP = NO;
				DEBUG_INFORMATION_FORMAT = "dwarf-with-dsym";
				ENABLE_NS_ASSERTIONS = NO;
				ENABLE_STRICT_OBJC_MSGSEND = YES;
				GCC_C_LANGUAGE_STANDARD = gnu99;
				GCC_NO_COMMON_BLOCKS = YES;
				GCC_WARN_64_TO_32_BIT_CONVERSION = YES;
				GCC_WARN_ABOUT_RETURN_TYPE = YES_ERROR;
				GCC_WARN_UNDECLARED_SELECTOR = YES;
				GCC_WARN_UNINITIALIZED_AUTOS = YES_AGGRESSIVE;
				GCC_WARN_UNUSED_FUNCTION = YES;
				GCC_WARN_UNUSED_VARIABLE = YES;
				IPHONEOS_DEPLOYMENT_TARGET = 9.3;
				MTL_ENABLE_DEBUG_INFO = NO;
				SDKROOT = iphoneos;
				VALIDATE_PRODUCT = YES;
			};
			name = Release;
		};
		F13BCE001CD1EF2C00ACD566 /* Debug */ = {
			isa = XCBuildConfiguration;
			buildSettings = {
				ASSETCATALOG_COMPILER_APPICON_NAME = AppIcon;
				INFOPLIST_FILE = demo/Info.plist;
				LD_RUNPATH_SEARCH_PATHS = "$(inherited) @executable_path/Frameworks";
				PRODUCT_BUNDLE_IDENTIFIER = com.demo;
				PRODUCT_NAME = "$(TARGET_NAME)";
			};
			name = Debug;
		};
		F13BCE011CD1EF2C00ACD566 /* Release */ = {
			isa = XCBuildConfiguration;
			buildSettings = {
				ASSETCATALOG_COMPILER_APPICON_NAME = AppIcon;
				INFOPLIST_FILE = demo/Info.plist;
				LD_RUNPATH_SEARCH_PATHS = "$(inherited) @executable_path/Frameworks";
				PRODUCT_BUNDLE_IDENTIFIER = com.demo;
				PRODUCT_NAME = "$(TARGET_NAME)";
			};
			name = Release;
		};
/* End XCBuildConfiguration section */

/* Begin XCConfigurationList section */
		F13BCDE31CD1EF2C00ACD566 /* Build configuration list for PBXProject "demo" */ = {
			isa = XCConfigurationList;
			buildConfigurations = (
				F13BCDFD1CD1EF2C00ACD566 /* Debug */,
				F13BCDFE1CD1EF2C00ACD566 /* Release */,
			);
			defaultConfigurationIsVisible = 0;
			defaultConfigurationName = Release;
		};
		F13BCDFF1CD1EF2C00ACD566 /* Build configuration list for PBXNativeTarget "demo" */ = {
			isa = XCConfigurationList;
			buildConfigurations = (
				F13BCE001CD1EF2C00ACD566 /* Debug */,
				F13BCE011CD1EF2C00ACD566 /* Release */,
			);
			defaultConfigurationIsVisible = 0;
		};
/* End XCConfigurationList section */
	};
	rootObject = F13BCDE01CD1EF2C00ACD566 /* Project object */;
}
