// !$*UTF8*$!
{
	archiveVersion = 1;
	classes = {
	};
	objectVersion = 46;
	objects = {

/* Begin PBXBuildFile section */
		F10317CE1B677F1B00A339D4 /* main.m in Sources */ = {isa = PBXBuildFile; fileRef = F10317CD1B677F1B00A339D4 /* main.m */; };
		F10317D11B677F1B00A339D4 /* AppDelegate.m in Sources */ = {isa = PBXBuildFile; fileRef = F10317D01B677F1B00A339D4 /* AppDelegate.m */; };
		F10317D41B677F1B00A339D4 /* ViewController.m in Sources */ = {isa = PBXBuildFile; fileRef = F10317D31B677F1B00A339D4 /* ViewController.m */; };
		F10317D71B677F1B00A339D4 /* Main.storyboard in Resources */ = {isa = PBXBuildFile; fileRef = F10317D51B677F1B00A339D4 /* Main.storyboard */; };
		F10317D91B677F1B00A339D4 /* Images.xcassets in Resources */ = {isa = PBXBuildFile; fileRef = F10317D81B677F1B00A339D4 /* Images.xcassets */; };
		F10317DC1B677F1B00A339D4 /* LaunchScreen.xib in Resources */ = {isa = PBXBuildFile; fileRef = F10317DA1B677F1B00A339D4 /* LaunchScreen.xib */; };
		F10317E81B677F1B00A339D4 /* AnimationsTests.m in Sources */ = {isa = PBXBuildFile; fileRef = F10317E71B677F1B00A339D4 /* AnimationsTests.m */; };
		F10317F31B67837B00A339D4 /* RotateViewController.m in Sources */ = {isa = PBXBuildFile; fileRef = F10317F21B67837B00A339D4 /* RotateViewController.m */; };
		F10317F61B67838C00A339D4 /* PerspectRotateViewController.m in Sources */ = {isa = PBXBuildFile; fileRef = F10317F51B67838C00A339D4 /* PerspectRotateViewController.m */; };
		F10317F91B67839E00A339D4 /* CubeFlipViewController.m in Sources */ = {isa = PBXBuildFile; fileRef = F10317F81B67839E00A339D4 /* CubeFlipViewController.m */; };
		F10317FC1B6788E800A339D4 /* CATransform3DPerspect.m in Sources */ = {isa = PBXBuildFile; fileRef = F10317FB1B6788E800A339D4 /* CATransform3DPerspect.m */; };
		F10317FF1B678D6300A339D4 /* CubeFlipPageViewController.m in Sources */ = {isa = PBXBuildFile; fileRef = F10317FE1B678D6300A339D4 /* CubeFlipPageViewController.m */; };
/* End PBXBuildFile section */

/* Begin PBXContainerItemProxy section */
		F10317E21B677F1B00A339D4 /* PBXContainerItemProxy */ = {
			isa = PBXContainerItemProxy;
			containerPortal = F10317C01B677F1B00A339D4 /* Project object */;
			proxyType = 1;
			remoteGlobalIDString = F10317C71B677F1B00A339D4;
			remoteInfo = Animations;
		};
/* End PBXContainerItemProxy section */

/* Begin PBXFileReference section */
		F10317C81B677F1B00A339D4 /* Animations.app */ = {isa = PBXFileReference; explicitFileType = wrapper.application; includeInIndex = 0; path = Animations.app; sourceTree = BUILT_PRODUCTS_DIR; };
		F10317CC1B677F1B00A339D4 /* Info.plist */ = {isa = PBXFileReference; lastKnownFileType = text.plist.xml; path = Info.plist; sourceTree = "<group>"; };
		F10317CD1B677F1B00A339D4 /* main.m */ = {isa = PBXFileReference; lastKnownFileType = sourcecode.c.objc; path = main.m; sourceTree = "<group>"; };
		F10317CF1B677F1B00A339D4 /* AppDelegate.h */ = {isa = PBXFileReference; lastKnownFileType = sourcecode.c.h; path = AppDelegate.h; sourceTree = "<group>"; };
		F10317D01B677F1B00A339D4 /* AppDelegate.m */ = {isa = PBXFileReference; lastKnownFileType = sourcecode.c.objc; path = AppDelegate.m; sourceTree = "<group>"; };
		F10317D21B677F1B00A339D4 /* ViewController.h */ = {isa = PBXFileReference; lastKnownFileType = sourcecode.c.h; path = ViewController.h; sourceTree = "<group>"; };
		F10317D31B677F1B00A339D4 /* ViewController.m */ = {isa = PBXFileReference; lastKnownFileType = sourcecode.c.objc; path = ViewController.m; sourceTree = "<group>"; };
		F10317D61B677F1B00A339D4 /* Base */ = {isa = PBXFileReference; lastKnownFileType = file.storyboard; name = Base; path = Base.lproj/Main.storyboard; sourceTree = "<group>"; };
		F10317D81B677F1B00A339D4 /* Images.xcassets */ = {isa = PBXFileReference; lastKnownFileType = folder.assetcatalog; path = Images.xcassets; sourceTree = "<group>"; };
		F10317DB1B677F1B00A339D4 /* Base */ = {isa = PBXFileReference; lastKnownFileType = file.xib; name = Base; path = Base.lproj/LaunchScreen.xib; sourceTree = "<group>"; };
		F10317E11B677F1B00A339D4 /* AnimationsTests.xctest */ = {isa = PBXFileReference; explicitFileType = wrapper.cfbundle; includeInIndex = 0; path = AnimationsTests.xctest; sourceTree = BUILT_PRODUCTS_DIR; };
		F10317E61B677F1B00A339D4 /* Info.plist */ = {isa = PBXFileReference; lastKnownFileType = text.plist.xml; path = Info.plist; sourceTree = "<group>"; };
		F10317E71B677F1B00A339D4 /* AnimationsTests.m */ = {isa = PBXFileReference; lastKnownFileType = sourcecode.c.objc; path = AnimationsTests.m; sourceTree = "<group>"; };
		F10317F11B67837B00A339D4 /* RotateViewController.h */ = {isa = PBXFileReference; fileEncoding = 4; lastKnownFileType = sourcecode.c.h; path = RotateViewController.h; sourceTree = "<group>"; };
		F10317F21B67837B00A339D4 /* RotateViewController.m */ = {isa = PBXFileReference; fileEncoding = 4; lastKnownFileType = sourcecode.c.objc; path = RotateViewController.m; sourceTree = "<group>"; };
		F10317F41B67838C00A339D4 /* PerspectRotateViewController.h */ = {isa = PBXFileReference; fileEncoding = 4; lastKnownFileType = sourcecode.c.h; path = PerspectRotateViewController.h; sourceTree = "<group>"; };
		F10317F51B67838C00A339D4 /* PerspectRotateViewController.m */ = {isa = PBXFileReference; fileEncoding = 4; lastKnownFileType = sourcecode.c.objc; path = PerspectRotateViewController.m; sourceTree = "<group>"; };
		F10317F71B67839E00A339D4 /* CubeFlipViewController.h */ = {isa = PBXFileReference; fileEncoding = 4; lastKnownFileType = sourcecode.c.h; path = CubeFlipViewController.h; sourceTree = "<group>"; };
		F10317F81B67839E00A339D4 /* CubeFlipViewController.m */ = {isa = PBXFileReference; fileEncoding = 4; lastKnownFileType = sourcecode.c.objc; path = CubeFlipViewController.m; sourceTree = "<group>"; };
		F10317FA1B6788E800A339D4 /* CATransform3DPerspect.h */ = {isa = PBXFileReference; fileEncoding = 4; lastKnownFileType = sourcecode.c.h; path = CATransform3DPerspect.h; sourceTree = "<group>"; };
		F10317FB1B6788E800A339D4 /* CATransform3DPerspect.m */ = {isa = PBXFileReference; fileEncoding = 4; lastKnownFileType = sourcecode.c.objc; path = CATransform3DPerspect.m; sourceTree = "<group>"; };
		F10317FD1B678D6300A339D4 /* CubeFlipPageViewController.h */ = {isa = PBXFileReference; fileEncoding = 4; lastKnownFileType = sourcecode.c.h; path = CubeFlipPageViewController.h; sourceTree = "<group>"; };
		F10317FE1B678D6300A339D4 /* CubeFlipPageViewController.m */ = {isa = PBXFileReference; fileEncoding = 4; lastKnownFileType = sourcecode.c.objc; path = CubeFlipPageViewController.m; sourceTree = "<group>"; };
/* End PBXFileReference section */

/* Begin PBXFrameworksBuildPhase section */
		F10317C51B677F1B00A339D4 /* Frameworks */ = {
			isa = PBXFrameworksBuildPhase;
			buildActionMask = 2147483647;
			files = (
			);
			runOnlyForDeploymentPostprocessing = 0;
		};
		F10317DE1B677F1B00A339D4 /* Frameworks */ = {
			isa = PBXFrameworksBuildPhase;
			buildActionMask = 2147483647;
			files = (
			);
			runOnlyForDeploymentPostprocessing = 0;
		};
/* End PBXFrameworksBuildPhase section */

/* Begin PBXGroup section */
		F10317BF1B677F1B00A339D4 = {
			isa = PBXGroup;
			children = (
				F10317CA1B677F1B00A339D4 /* Animations */,
				F10317E41B677F1B00A339D4 /* AnimationsTests */,
				F10317C91B677F1B00A339D4 /* Products */,
			);
			sourceTree = "<group>";
		};
		F10317C91B677F1B00A339D4 /* Products */ = {
			isa = PBXGroup;
			children = (
				F10317C81B677F1B00A339D4 /* Animations.app */,
				F10317E11B677F1B00A339D4 /* AnimationsTests.xctest */,
			);
			name = Products;
			sourceTree = "<group>";
		};
		F10317CA1B677F1B00A339D4 /* Animations */ = {
			isa = PBXGroup;
			children = (
				F10317CF1B677F1B00A339D4 /* AppDelegate.h */,
				F10317D01B677F1B00A339D4 /* AppDelegate.m */,
				F10317D21B677F1B00A339D4 /* ViewController.h */,
				F10317D31B677F1B00A339D4 /* ViewController.m */,
				F10317F11B67837B00A339D4 /* RotateViewController.h */,
				F10317F21B67837B00A339D4 /* RotateViewController.m */,
				F10317F41B67838C00A339D4 /* PerspectRotateViewController.h */,
				F10317F51B67838C00A339D4 /* PerspectRotateViewController.m */,
				F10317F71B67839E00A339D4 /* CubeFlipViewController.h */,
				F10317F81B67839E00A339D4 /* CubeFlipViewController.m */,
				F10317FD1B678D6300A339D4 /* CubeFlipPageViewController.h */,
				F10317FE1B678D6300A339D4 /* CubeFlipPageViewController.m */,
				F10317D51B677F1B00A339D4 /* Main.storyboard */,
				F10317FA1B6788E800A339D4 /* CATransform3DPerspect.h */,
				F10317FB1B6788E800A339D4 /* CATransform3DPerspect.m */,
				F10317D81B677F1B00A339D4 /* Images.xcassets */,
				F10317DA1B677F1B00A339D4 /* LaunchScreen.xib */,
				F10317CB1B677F1B00A339D4 /* Supporting Files */,
			);
			path = Animations;
			sourceTree = "<group>";
		};
		F10317CB1B677F1B00A339D4 /* Supporting Files */ = {
			isa = PBXGroup;
			children = (
				F10317CC1B677F1B00A339D4 /* Info.plist */,
				F10317CD1B677F1B00A339D4 /* main.m */,
			);
			name = "Supporting Files";
			sourceTree = "<group>";
		};
		F10317E41B677F1B00A339D4 /* AnimationsTests */ = {
			isa = PBXGroup;
			children = (
				F10317E71B677F1B00A339D4 /* AnimationsTests.m */,
				F10317E51B677F1B00A339D4 /* Supporting Files */,
			);
			path = AnimationsTests;
			sourceTree = "<group>";
		};
		F10317E51B677F1B00A339D4 /* Supporting Files */ = {
			isa = PBXGroup;
			children = (
				F10317E61B677F1B00A339D4 /* Info.plist */,
			);
			name = "Supporting Files";
			sourceTree = "<group>";
		};
/* End PBXGroup section */

/* Begin PBXNativeTarget section */
		F10317C71B677F1B00A339D4 /* Animations */ = {
			isa = PBXNativeTarget;
			buildConfigurationList = F10317EB1B677F1B00A339D4 /* Build configuration list for PBXNativeTarget "Animations" */;
			buildPhases = (
				F10317C41B677F1B00A339D4 /* Sources */,
				F10317C51B677F1B00A339D4 /* Frameworks */,
				F10317C61B677F1B00A339D4 /* Resources */,
			);
			buildRules = (
			);
			dependencies = (
			);
			name = Animations;
			productName = Animations;
			productReference = F10317C81B677F1B00A339D4 /* Animations.app */;
			productType = "com.apple.product-type.application";
		};
		F10317E01B677F1B00A339D4 /* AnimationsTests */ = {
			isa = PBXNativeTarget;
			buildConfigurationList = F10317EE1B677F1B00A339D4 /* Build configuration list for PBXNativeTarget "AnimationsTests" */;
			buildPhases = (
				F10317DD1B677F1B00A339D4 /* Sources */,
				F10317DE1B677F1B00A339D4 /* Frameworks */,
				F10317DF1B677F1B00A339D4 /* Resources */,
			);
			buildRules = (
			);
			dependencies = (
				F10317E31B677F1B00A339D4 /* PBXTargetDependency */,
			);
			name = AnimationsTests;
			productName = AnimationsTests;
			productReference = F10317E11B677F1B00A339D4 /* AnimationsTests.xctest */;
			productType = "com.apple.product-type.bundle.unit-test";
		};
/* End PBXNativeTarget section */

/* Begin PBXProject section */
		F10317C01B677F1B00A339D4 /* Project object */ = {
			isa = PBXProject;
			attributes = {
				LastUpgradeCheck = 0640;
				ORGANIZATIONNAME = Vols;
				TargetAttributes = {
					F10317C71B677F1B00A339D4 = {
						CreatedOnToolsVersion = 6.4;
					};
					F10317E01B677F1B00A339D4 = {
						CreatedOnToolsVersion = 6.4;
						TestTargetID = F10317C71B677F1B00A339D4;
					};
				};
			};
			buildConfigurationList = F10317C31B677F1B00A339D4 /* Build configuration list for PBXProject "Animations" */;
			compatibilityVersion = "Xcode 3.2";
			developmentRegion = English;
			hasScannedForEncodings = 0;
			knownRegions = (
				en,
				Base,
			);
			mainGroup = F10317BF1B677F1B00A339D4;
			productRefGroup = F10317C91B677F1B00A339D4 /* Products */;
			projectDirPath = "";
			projectRoot = "";
			targets = (
				F10317C71B677F1B00A339D4 /* Animations */,
				F10317E01B677F1B00A339D4 /* AnimationsTests */,
			);
		};
/* End PBXProject section */

/* Begin PBXResourcesBuildPhase section */
		F10317C61B677F1B00A339D4 /* Resources */ = {
			isa = PBXResourcesBuildPhase;
			buildActionMask = 2147483647;
			files = (
				F10317D71B677F1B00A339D4 /* Main.storyboard in Resources */,
				F10317DC1B677F1B00A339D4 /* LaunchScreen.xib in Resources */,
				F10317D91B677F1B00A339D4 /* Images.xcassets in Resources */,
			);
			runOnlyForDeploymentPostprocessing = 0;
		};
		F10317DF1B677F1B00A339D4 /* Resources */ = {
			isa = PBXResourcesBuildPhase;
			buildActionMask = 2147483647;
			files = (
			);
			runOnlyForDeploymentPostprocessing = 0;
		};
/* End PBXResourcesBuildPhase section */

/* Begin PBXSourcesBuildPhase section */
		F10317C41B677F1B00A339D4 /* Sources */ = {
			isa = PBXSourcesBuildPhase;
			buildActionMask = 2147483647;
			files = (
				F10317F91B67839E00A339D4 /* CubeFlipViewController.m in Sources */,
				F10317D41B677F1B00A339D4 /* ViewController.m in Sources */,
				F10317FC1B6788E800A339D4 /* CATransform3DPerspect.m in Sources */,
				F10317F61B67838C00A339D4 /* PerspectRotateViewController.m in Sources */,
				F10317D11B677F1B00A339D4 /* AppDelegate.m in Sources */,
				F10317FF1B678D6300A339D4 /* CubeFlipPageViewController.m in Sources */,
				F10317CE1B677F1B00A339D4 /* main.m in Sources */,
				F10317F31B67837B00A339D4 /* RotateViewController.m in Sources */,
			);
			runOnlyForDeploymentPostprocessing = 0;
		};
		F10317DD1B677F1B00A339D4 /* Sources */ = {
			isa = PBXSourcesBuildPhase;
			buildActionMask = 2147483647;
			files = (
				F10317E81B677F1B00A339D4 /* AnimationsTests.m in Sources */,
			);
			runOnlyForDeploymentPostprocessing = 0;
		};
/* End PBXSourcesBuildPhase section */

/* Begin PBXTargetDependency section */
		F10317E31B677F1B00A339D4 /* PBXTargetDependency */ = {
			isa = PBXTargetDependency;
			target = F10317C71B677F1B00A339D4 /* Animations */;
			targetProxy = F10317E21B677F1B00A339D4 /* PBXContainerItemProxy */;
		};
/* End PBXTargetDependency section */

/* Begin PBXVariantGroup section */
		F10317D51B677F1B00A339D4 /* Main.storyboard */ = {
			isa = PBXVariantGroup;
			children = (
				F10317D61B677F1B00A339D4 /* Base */,
			);
			name = Main.storyboard;
			sourceTree = "<group>";
		};
		F10317DA1B677F1B00A339D4 /* LaunchScreen.xib */ = {
			isa = PBXVariantGroup;
			children = (
				F10317DB1B677F1B00A339D4 /* Base */,
			);
			name = LaunchScreen.xib;
			sourceTree = "<group>";
		};
/* End PBXVariantGroup section */

/* Begin XCBuildConfiguration section */
		F10317E91B677F1B00A339D4 /* Debug */ = {
			isa = XCBuildConfiguration;
			buildSettings = {
				ALWAYS_SEARCH_USER_PATHS = NO;
				CLANG_CXX_LANGUAGE_STANDARD = "gnu++0x";
				CLANG_CXX_LIBRARY = "libc++";
				CLANG_ENABLE_MODULES = YES;
				CLANG_ENABLE_OBJC_ARC = YES;
				CLANG_WARN_BOOL_CONVERSION = YES;
				CLANG_WARN_CONSTANT_CONVERSION = YES;
				CLANG_WARN_DIRECT_OBJC_ISA_USAGE = YES_ERROR;
				CLANG_WARN_EMPTY_BODY = YES;
				CLANG_WARN_ENUM_CONVERSION = YES;
				CLANG_WARN_INT_CONVERSION = YES;
				CLANG_WARN_OBJC_ROOT_CLASS = YES_ERROR;
				CLANG_WARN_UNREACHABLE_CODE = YES;
				CLANG_WARN__DUPLICATE_METHOD_MATCH = YES;
				"CODE_SIGN_IDENTITY[sdk=iphoneos*]" = "iPhone Developer";
				COPY_PHASE_STRIP = NO;
				DEBUG_INFORMATION_FORMAT = "dwarf-with-dsym";
				ENABLE_STRICT_OBJC_MSGSEND = YES;
				GCC_C_LANGUAGE_STANDARD = gnu99;
				GCC_DYNAMIC_NO_PIC = NO;
				GCC_NO_COMMON_BLOCKS = YES;
				GCC_OPTIMIZATION_LEVEL = 0;
				GCC_PREPROCESSOR_DEFINITIONS = (
					"DEBUG=1",
					"$(inherited)",
				);
				GCC_SYMBOLS_PRIVATE_EXTERN = NO;
				GCC_WARN_64_TO_32_BIT_CONVERSION = YES;
				GCC_WARN_ABOUT_RETURN_TYPE = YES_ERROR;
				GCC_WARN_UNDECLARED_SELECTOR = YES;
				GCC_WARN_UNINITIALIZED_AUTOS = YES_AGGRESSIVE;
				GCC_WARN_UNUSED_FUNCTION = YES;
				GCC_WARN_UNUSED_VARIABLE = YES;
				IPHONEOS_DEPLOYMENT_TARGET = 8.4;
				MTL_ENABLE_DEBUG_INFO = YES;
				ONLY_ACTIVE_ARCH = YES;
				SDKROOT = iphoneos;
			};
			name = Debug;
		};
		F10317EA1B677F1B00A339D4 /* Release */ = {
			isa = XCBuildConfiguration;
			buildSettings = {
				ALWAYS_SEARCH_USER_PATHS = NO;
				CLANG_CXX_LANGUAGE_STANDARD = "gnu++0x";
				CLANG_CXX_LIBRARY = "libc++";
				CLANG_ENABLE_MODULES = YES;
				CLANG_ENABLE_OBJC_ARC = YES;
				CLANG_WARN_BOOL_CONVERSION = YES;
				CLANG_WARN_CONSTANT_CONVERSION = YES;
				CLANG_WARN_DIRECT_OBJC_ISA_USAGE = YES_ERROR;
				CLANG_WARN_EMPTY_BODY = YES;
				CLANG_WARN_ENUM_CONVERSION = YES;
				CLANG_WARN_INT_CONVERSION = YES;
				CLANG_WARN_OBJC_ROOT_CLASS = YES_ERROR;
				CLANG_WARN_UNREACHABLE_CODE = YES;
				CLANG_WARN__DUPLICATE_METHOD_MATCH = YES;
				"CODE_SIGN_IDENTITY[sdk=iphoneos*]" = "iPhone Developer";
				COPY_PHASE_STRIP = NO;
				DEBUG_INFORMATION_FORMAT = "dwarf-with-dsym";
				ENABLE_NS_ASSERTIONS = NO;
				ENABLE_STRICT_OBJC_MSGSEND = YES;
				GCC_C_LANGUAGE_STANDARD = gnu99;
				GCC_NO_COMMON_BLOCKS = YES;
				GCC_WARN_64_TO_32_BIT_CONVERSION = YES;
				GCC_WARN_ABOUT_RETURN_TYPE = YES_ERROR;
				GCC_WARN_UNDECLARED_SELECTOR = YES;
				GCC_WARN_UNINITIALIZED_AUTOS = YES_AGGRESSIVE;
				GCC_WARN_UNUSED_FUNCTION = YES;
				GCC_WARN_UNUSED_VARIABLE = YES;
				IPHONEOS_DEPLOYMENT_TARGET = 8.4;
				MTL_ENABLE_DEBUG_INFO = NO;
				SDKROOT = iphoneos;
				VALIDATE_PRODUCT = YES;
			};
			name = Release;
		};
		F10317EC1B677F1B00A339D4 /* Debug */ = {
			isa = XCBuildConfiguration;
			buildSettings = {
				ASSETCATALOG_COMPILER_APPICON_NAME = AppIcon;
				INFOPLIST_FILE = Animations/Info.plist;
				LD_RUNPATH_SEARCH_PATHS = "$(inherited) @executable_path/Frameworks";
				PRODUCT_NAME = "$(TARGET_NAME)";
			};
			name = Debug;
		};
		F10317ED1B677F1B00A339D4 /* Release */ = {
			isa = XCBuildConfiguration;
			buildSettings = {
				ASSETCATALOG_COMPILER_APPICON_NAME = AppIcon;
				INFOPLIST_FILE = Animations/Info.plist;
				LD_RUNPATH_SEARCH_PATHS = "$(inherited) @executable_path/Frameworks";
				PRODUCT_NAME = "$(TARGET_NAME)";
			};
			name = Release;
		};
		F10317EF1B677F1B00A339D4 /* Debug */ = {
			isa = XCBuildConfiguration;
			buildSettings = {
				BUNDLE_LOADER = "$(TEST_HOST)";
				FRAMEWORK_SEARCH_PATHS = (
					"$(SDKROOT)/Developer/Library/Frameworks",
					"$(inherited)",
				);
				GCC_PREPROCESSOR_DEFINITIONS = (
					"DEBUG=1",
					"$(inherited)",
				);
				INFOPLIST_FILE = AnimationsTests/Info.plist;
				LD_RUNPATH_SEARCH_PATHS = "$(inherited) @executable_path/Frameworks @loader_path/Frameworks";
				PRODUCT_NAME = "$(TARGET_NAME)";
				TEST_HOST = "$(BUILT_PRODUCTS_DIR)/Animations.app/Animations";
			};
			name = Debug;
		};
		F10317F01B677F1B00A339D4 /* Release */ = {
			isa = XCBuildConfiguration;
			buildSettings = {
				BUNDLE_LOADER = "$(TEST_HOST)";
				FRAMEWORK_SEARCH_PATHS = (
					"$(SDKROOT)/Developer/Library/Frameworks",
					"$(inherited)",
				);
				INFOPLIST_FILE = AnimationsTests/Info.plist;
				LD_RUNPATH_SEARCH_PATHS = "$(inherited) @executable_path/Frameworks @loader_path/Frameworks";
				PRODUCT_NAME = "$(TARGET_NAME)";
				TEST_HOST = "$(BUILT_PRODUCTS_DIR)/Animations.app/Animations";
			};
			name = Release;
		};
/* End XCBuildConfiguration section */

/* Begin XCConfigurationList section */
		F10317C31B677F1B00A339D4 /* Build configuration list for PBXProject "Animations" */ = {
			isa = XCConfigurationList;
			buildConfigurations = (
				F10317E91B677F1B00A339D4 /* Debug */,
				F10317EA1B677F1B00A339D4 /* Release */,
			);
			defaultConfigurationIsVisible = 0;
			defaultConfigurationName = Release;
		};
		F10317EB1B677F1B00A339D4 /* Build configuration list for PBXNativeTarget "Animations" */ = {
			isa = XCConfigurationList;
			buildConfigurations = (
				F10317EC1B677F1B00A339D4 /* Debug */,
				F10317ED1B677F1B00A339D4 /* Release */,
			);
			defaultConfigurationIsVisible = 0;
		};
		F10317EE1B677F1B00A339D4 /* Build configuration list for PBXNativeTarget "AnimationsTests" */ = {
			isa = XCConfigurationList;
			buildConfigurations = (
				F10317EF1B677F1B00A339D4 /* Debug */,
				F10317F01B677F1B00A339D4 /* Release */,
			);
			defaultConfigurationIsVisible = 0;
		};
/* End XCConfigurationList section */
	};
	rootObject = F10317C01B677F1B00A339D4 /* Project object */;
}
